
Microsoft Visual Studio Solution File, Format Version 12.00
# Visual Studio Version 17
VisualStudioVersion = 17.0.31903.59
MinimumVisualStudioVersion = 10.0.40219.1
Project("{FAE04EC0-301F-11D3-BF4B-00C04F79EFBC}") = "libApplication", "libApplication\libApplication.csproj", "{6A2929EC-8083-43EE-80E6-DFEE2F87DF42}"
EndProject
Project("{FAE04EC0-301F-11D3-BF4B-00C04F79EFBC}") = "libcontracts", "libcontracts\libcontracts.csproj", "{A2404947-AC8A-4ED3-84CE-FC8A08398C9F}"
EndProject
Project("{FAE04EC0-301F-11D3-BF4B-00C04F79EFBC}") = "libDomain", "libDomain\libDomain.csproj", "{74F9B8D0-741E-4568-AC21-75BD60CE3A54}"
EndProject
Project("{FAE04EC0-301F-11D3-BF4B-00C04F79EFBC}") = "libInfrastructure", "libInfrastructure\libInfrastructure.csproj", "{CA35ADCF-A6F0-4B1D-832B-378CCBB4E2E3}"
EndProject
Project("{FAE04EC0-301F-11D3-BF4B-00C04F79EFBC}") = "libweb", "libweb\libweb.csproj", "{13A033A5-C338-4101-B3EA-34672828CAC8}"
EndProject
Global
	GlobalSection(SolutionConfigurationPlatforms) = preSolution
		Debug|Any CPU = Debug|Any CPU
		Release|Any CPU = Release|Any CPU
	EndGlobalSection
	GlobalSection(SolutionProperties) = preSolution
		HideSolutionNode = FALSE
	EndGlobalSection
	GlobalSection(ProjectConfigurationPlatforms) = postSolution
		{6A2929EC-8083-43EE-80E6-DFEE2F87DF42}.Debug|Any CPU.ActiveCfg = Debug|Any CPU
		{6A2929EC-8083-43EE-80E6-DFEE2F87DF42}.Debug|Any CPU.Build.0 = Debug|Any CPU
		{6A2929EC-8083-43EE-80E6-DFEE2F87DF42}.Release|Any CPU.ActiveCfg = Release|Any CPU
		{6A2929EC-8083-43EE-80E6-DFEE2F87DF42}.Release|Any CPU.Build.0 = Release|Any CPU
		{A2404947-AC8A-4ED3-84CE-FC8A08398C9F}.Debug|Any CPU.ActiveCfg = Debug|Any CPU
		{A2404947-AC8A-4ED3-84CE-FC8A08398C9F}.Debug|Any CPU.Build.0 = Debug|Any CPU
		{A2404947-AC8A-4ED3-84CE-FC8A08398C9F}.Release|Any CPU.ActiveCfg = Release|Any CPU
		{A2404947-AC8A-4ED3-84CE-FC8A08398C9F}.Release|Any CPU.Build.0 = Release|Any CPU
		{74F9B8D0-741E-4568-AC21-75BD60CE3A54}.Debug|Any CPU.ActiveCfg = Debug|Any CPU
		{74F9B8D0-741E-4568-AC21-75BD60CE3A54}.Debug|Any CPU.Build.0 = Debug|Any CPU
		{74F9B8D0-741E-4568-AC21-75BD60CE3A54}.Release|Any CPU.ActiveCfg = Release|Any CPU
		{74F9B8D0-741E-4568-AC21-75BD60CE3A54}.Release|Any CPU.Build.0 = Release|Any CPU
		{CA35ADCF-A6F0-4B1D-832B-378CCBB4E2E3}.Debug|Any CPU.ActiveCfg = Debug|Any CPU
		{CA35ADCF-A6F0-4B1D-832B-378CCBB4E2E3}.Debug|Any CPU.Build.0 = Debug|Any CPU
		{CA35ADCF-A6F0-4B1D-832B-378CCBB4E2E3}.Release|Any CPU.ActiveCfg = Release|Any CPU
		{CA35ADCF-A6F0-4B1D-832B-378CCBB4E2E3}.Release|Any CPU.Build.0 = Release|Any CPU
		{13A033A5-C338-4101-B3EA-34672828CAC8}.Debug|Any CPU.ActiveCfg = Debug|Any CPU
		{13A033A5-C338-4101-B3EA-34672828CAC8}.Debug|Any CPU.Build.0 = Debug|Any CPU
		{13A033A5-C338-4101-B3EA-34672828CAC8}.Release|Any CPU.ActiveCfg = Release|Any CPU
		{13A033A5-C338-4101-B3EA-34672828CAC8}.Release|Any CPU.Build.0 = Release|Any CPU
	EndGlobalSection
EndGlobal
